
Microsoft Visual Studio Solution File, Format Version 12.00
# Visual Studio 15
VisualStudioVersion = 15.0.26124.0
MinimumVisualStudioVersion = 15.0.26124.0
Project("{FAE04EC0-301F-11D3-BF4B-00C04F79EFBC}") = "Homeworks.WebApi", "Homeworks.WebApi\Homeworks.WebApi.csproj", "{38BA2362-F760-43D6-907B-B361CDBC3AAB}"
EndProject
Project("{FAE04EC0-301F-11D3-BF4B-00C04F79EFBC}") = "Homeworks.BusinessLogic", "Homeworks.BusinessLogic\Homeworks.BusinessLogic.csproj", "{46CFFE39-6BF7-47C0-8985-725C3FCEC06F}"
EndProject
Project("{FAE04EC0-301F-11D3-BF4B-00C04F79EFBC}") = "Homeworks.DataAccess", "Homeworks.DataAccess\Homeworks.DataAccess.csproj", "{D2B3B328-DE87-4720-8E8F-65DACE17B6F2}"
EndProject
Project("{FAE04EC0-301F-11D3-BF4B-00C04F79EFBC}") = "Homeworks.Domain", "Homeworks.Domain\Homeworks.Domain.csproj", "{031DBEC9-BEC3-4513-964E-28FA8AE97627}"
EndProject
Global
	GlobalSection(SolutionConfigurationPlatforms) = preSolution
		Debug|Any CPU = Debug|Any CPU
		Debug|x64 = Debug|x64
		Debug|x86 = Debug|x86
		Release|Any CPU = Release|Any CPU
		Release|x64 = Release|x64
		Release|x86 = Release|x86
	EndGlobalSection
	GlobalSection(SolutionProperties) = preSolution
		HideSolutionNode = FALSE
	EndGlobalSection
	GlobalSection(ProjectConfigurationPlatforms) = postSolution
		{38BA2362-F760-43D6-907B-B361CDBC3AAB}.Debug|Any CPU.ActiveCfg = Debug|Any CPU
		{38BA2362-F760-43D6-907B-B361CDBC3AAB}.Debug|Any CPU.Build.0 = Debug|Any CPU
		{38BA2362-F760-43D6-907B-B361CDBC3AAB}.Debug|x64.ActiveCfg = Debug|Any CPU
		{38BA2362-F760-43D6-907B-B361CDBC3AAB}.Debug|x64.Build.0 = Debug|Any CPU
		{38BA2362-F760-43D6-907B-B361CDBC3AAB}.Debug|x86.ActiveCfg = Debug|Any CPU
		{38BA2362-F760-43D6-907B-B361CDBC3AAB}.Debug|x86.Build.0 = Debug|Any CPU
		{38BA2362-F760-43D6-907B-B361CDBC3AAB}.Release|Any CPU.ActiveCfg = Release|Any CPU
		{38BA2362-F760-43D6-907B-B361CDBC3AAB}.Release|Any CPU.Build.0 = Release|Any CPU
		{38BA2362-F760-43D6-907B-B361CDBC3AAB}.Release|x64.ActiveCfg = Release|Any CPU
		{38BA2362-F760-43D6-907B-B361CDBC3AAB}.Release|x64.Build.0 = Release|Any CPU
		{38BA2362-F760-43D6-907B-B361CDBC3AAB}.Release|x86.ActiveCfg = Release|Any CPU
		{38BA2362-F760-43D6-907B-B361CDBC3AAB}.Release|x86.Build.0 = Release|Any CPU
		{46CFFE39-6BF7-47C0-8985-725C3FCEC06F}.Debug|Any CPU.ActiveCfg = Debug|Any CPU
		{46CFFE39-6BF7-47C0-8985-725C3FCEC06F}.Debug|Any CPU.Build.0 = Debug|Any CPU
		{46CFFE39-6BF7-47C0-8985-725C3FCEC06F}.Debug|x64.ActiveCfg = Debug|Any CPU
		{46CFFE39-6BF7-47C0-8985-725C3FCEC06F}.Debug|x64.Build.0 = Debug|Any CPU
		{46CFFE39-6BF7-47C0-8985-725C3FCEC06F}.Debug|x86.ActiveCfg = Debug|Any CPU
		{46CFFE39-6BF7-47C0-8985-725C3FCEC06F}.Debug|x86.Build.0 = Debug|Any CPU
		{46CFFE39-6BF7-47C0-8985-725C3FCEC06F}.Release|Any CPU.ActiveCfg = Release|Any CPU
		{46CFFE39-6BF7-47C0-8985-725C3FCEC06F}.Release|Any CPU.Build.0 = Release|Any CPU
		{46CFFE39-6BF7-47C0-8985-725C3FCEC06F}.Release|x64.ActiveCfg = Release|Any CPU
		{46CFFE39-6BF7-47C0-8985-725C3FCEC06F}.Release|x64.Build.0 = Release|Any CPU
		{46CFFE39-6BF7-47C0-8985-725C3FCEC06F}.Release|x86.ActiveCfg = Release|Any CPU
		{46CFFE39-6BF7-47C0-8985-725C3FCEC06F}.Release|x86.Build.0 = Release|Any CPU
		{D2B3B328-DE87-4720-8E8F-65DACE17B6F2}.Debug|Any CPU.ActiveCfg = Debug|Any CPU
		{D2B3B328-DE87-4720-8E8F-65DACE17B6F2}.Debug|Any CPU.Build.0 = Debug|Any CPU
		{D2B3B328-DE87-4720-8E8F-65DACE17B6F2}.Debug|x64.ActiveCfg = Debug|Any CPU
		{D2B3B328-DE87-4720-8E8F-65DACE17B6F2}.Debug|x64.Build.0 = Debug|Any CPU
		{D2B3B328-DE87-4720-8E8F-65DACE17B6F2}.Debug|x86.ActiveCfg = Debug|Any CPU
		{D2B3B328-DE87-4720-8E8F-65DACE17B6F2}.Debug|x86.Build.0 = Debug|Any CPU
		{D2B3B328-DE87-4720-8E8F-65DACE17B6F2}.Release|Any CPU.ActiveCfg = Release|Any CPU
		{D2B3B328-DE87-4720-8E8F-65DACE17B6F2}.Release|Any CPU.Build.0 = Release|Any CPU
		{D2B3B328-DE87-4720-8E8F-65DACE17B6F2}.Release|x64.ActiveCfg = Release|Any CPU
		{D2B3B328-DE87-4720-8E8F-65DACE17B6F2}.Release|x64.Build.0 = Release|Any CPU
		{D2B3B328-DE87-4720-8E8F-65DACE17B6F2}.Release|x86.ActiveCfg = Release|Any CPU
		{D2B3B328-DE87-4720-8E8F-65DACE17B6F2}.Release|x86.Build.0 = Release|Any CPU
		{031DBEC9-BEC3-4513-964E-28FA8AE97627}.Debug|Any CPU.ActiveCfg = Debug|Any CPU
		{031DBEC9-BEC3-4513-964E-28FA8AE97627}.Debug|Any CPU.Build.0 = Debug|Any CPU
		{031DBEC9-BEC3-4513-964E-28FA8AE97627}.Debug|x64.ActiveCfg = Debug|Any CPU
		{031DBEC9-BEC3-4513-964E-28FA8AE97627}.Debug|x64.Build.0 = Debug|Any CPU
		{031DBEC9-BEC3-4513-964E-28FA8AE97627}.Debug|x86.ActiveCfg = Debug|Any CPU
		{031DBEC9-BEC3-4513-964E-28FA8AE97627}.Debug|x86.Build.0 = Debug|Any CPU
		{031DBEC9-BEC3-4513-964E-28FA8AE97627}.Release|Any CPU.ActiveCfg = Release|Any CPU
		{031DBEC9-BEC3-4513-964E-28FA8AE97627}.Release|Any CPU.Build.0 = Release|Any CPU
		{031DBEC9-BEC3-4513-964E-28FA8AE97627}.Release|x64.ActiveCfg = Release|Any CPU
		{031DBEC9-BEC3-4513-964E-28FA8AE97627}.Release|x64.Build.0 = Release|Any CPU
		{031DBEC9-BEC3-4513-964E-28FA8AE97627}.Release|x86.ActiveCfg = Release|Any CPU
		{031DBEC9-BEC3-4513-964E-28FA8AE97627}.Release|x86.Build.0 = Release|Any CPU
	EndGlobalSection
EndGlobal
