
Microsoft Visual Studio Solution File, Format Version 12.00
# Visual Studio 15
VisualStudioVersion = 15.0.26124.0
MinimumVisualStudioVersion = 15.0.26124.0
Project("{FAE04EC0-301F-11D3-BF4B-00C04F79EFBC}") = "Homeworks.WebApi", "Homeworks.WebApi\Homeworks.WebApi.csproj", "{8F4E4237-33FE-4568-B2FE-CD253D79A15A}"
EndProject
Project("{FAE04EC0-301F-11D3-BF4B-00C04F79EFBC}") = "Homeworks.BusinessLogic", "Homeworks.BusinessLogic\Homeworks.BusinessLogic.csproj", "{6111C0E1-7615-43F7-87F9-563D73A7F52B}"
EndProject
Project("{FAE04EC0-301F-11D3-BF4B-00C04F79EFBC}") = "Homeworks.DataAccess", "Homeworks.DataAccess\Homeworks.DataAccess.csproj", "{C9D9F173-285C-47F7-B12A-6E6AC1998F83}"
EndProject
Project("{FAE04EC0-301F-11D3-BF4B-00C04F79EFBC}") = "Homeworks.Domain", "Homeworks.Domain\Homeworks.Domain.csproj", "{E94FFA13-4EB7-41E8-B472-1972460DB519}"
EndProject
Global
	GlobalSection(SolutionConfigurationPlatforms) = preSolution
		Debug|Any CPU = Debug|Any CPU
		Debug|x64 = Debug|x64
		Debug|x86 = Debug|x86
		Release|Any CPU = Release|Any CPU
		Release|x64 = Release|x64
		Release|x86 = Release|x86
	EndGlobalSection
	GlobalSection(SolutionProperties) = preSolution
		HideSolutionNode = FALSE
	EndGlobalSection
	GlobalSection(ProjectConfigurationPlatforms) = postSolution
		{8F4E4237-33FE-4568-B2FE-CD253D79A15A}.Debug|Any CPU.ActiveCfg = Debug|Any CPU
		{8F4E4237-33FE-4568-B2FE-CD253D79A15A}.Debug|Any CPU.Build.0 = Debug|Any CPU
		{8F4E4237-33FE-4568-B2FE-CD253D79A15A}.Debug|x64.ActiveCfg = Debug|Any CPU
		{8F4E4237-33FE-4568-B2FE-CD253D79A15A}.Debug|x64.Build.0 = Debug|Any CPU
		{8F4E4237-33FE-4568-B2FE-CD253D79A15A}.Debug|x86.ActiveCfg = Debug|Any CPU
		{8F4E4237-33FE-4568-B2FE-CD253D79A15A}.Debug|x86.Build.0 = Debug|Any CPU
		{8F4E4237-33FE-4568-B2FE-CD253D79A15A}.Release|Any CPU.ActiveCfg = Release|Any CPU
		{8F4E4237-33FE-4568-B2FE-CD253D79A15A}.Release|Any CPU.Build.0 = Release|Any CPU
		{8F4E4237-33FE-4568-B2FE-CD253D79A15A}.Release|x64.ActiveCfg = Release|Any CPU
		{8F4E4237-33FE-4568-B2FE-CD253D79A15A}.Release|x64.Build.0 = Release|Any CPU
		{8F4E4237-33FE-4568-B2FE-CD253D79A15A}.Release|x86.ActiveCfg = Release|Any CPU
		{8F4E4237-33FE-4568-B2FE-CD253D79A15A}.Release|x86.Build.0 = Release|Any CPU
		{6111C0E1-7615-43F7-87F9-563D73A7F52B}.Debug|Any CPU.ActiveCfg = Debug|Any CPU
		{6111C0E1-7615-43F7-87F9-563D73A7F52B}.Debug|Any CPU.Build.0 = Debug|Any CPU
		{6111C0E1-7615-43F7-87F9-563D73A7F52B}.Debug|x64.ActiveCfg = Debug|Any CPU
		{6111C0E1-7615-43F7-87F9-563D73A7F52B}.Debug|x64.Build.0 = Debug|Any CPU
		{6111C0E1-7615-43F7-87F9-563D73A7F52B}.Debug|x86.ActiveCfg = Debug|Any CPU
		{6111C0E1-7615-43F7-87F9-563D73A7F52B}.Debug|x86.Build.0 = Debug|Any CPU
		{6111C0E1-7615-43F7-87F9-563D73A7F52B}.Release|Any CPU.ActiveCfg = Release|Any CPU
		{6111C0E1-7615-43F7-87F9-563D73A7F52B}.Release|Any CPU.Build.0 = Release|Any CPU
		{6111C0E1-7615-43F7-87F9-563D73A7F52B}.Release|x64.ActiveCfg = Release|Any CPU
		{6111C0E1-7615-43F7-87F9-563D73A7F52B}.Release|x64.Build.0 = Release|Any CPU
		{6111C0E1-7615-43F7-87F9-563D73A7F52B}.Release|x86.ActiveCfg = Release|Any CPU
		{6111C0E1-7615-43F7-87F9-563D73A7F52B}.Release|x86.Build.0 = Release|Any CPU
		{C9D9F173-285C-47F7-B12A-6E6AC1998F83}.Debug|Any CPU.ActiveCfg = Debug|Any CPU
		{C9D9F173-285C-47F7-B12A-6E6AC1998F83}.Debug|Any CPU.Build.0 = Debug|Any CPU
		{C9D9F173-285C-47F7-B12A-6E6AC1998F83}.Debug|x64.ActiveCfg = Debug|Any CPU
		{C9D9F173-285C-47F7-B12A-6E6AC1998F83}.Debug|x64.Build.0 = Debug|Any CPU
		{C9D9F173-285C-47F7-B12A-6E6AC1998F83}.Debug|x86.ActiveCfg = Debug|Any CPU
		{C9D9F173-285C-47F7-B12A-6E6AC1998F83}.Debug|x86.Build.0 = Debug|Any CPU
		{C9D9F173-285C-47F7-B12A-6E6AC1998F83}.Release|Any CPU.ActiveCfg = Release|Any CPU
		{C9D9F173-285C-47F7-B12A-6E6AC1998F83}.Release|Any CPU.Build.0 = Release|Any CPU
		{C9D9F173-285C-47F7-B12A-6E6AC1998F83}.Release|x64.ActiveCfg = Release|Any CPU
		{C9D9F173-285C-47F7-B12A-6E6AC1998F83}.Release|x64.Build.0 = Release|Any CPU
		{C9D9F173-285C-47F7-B12A-6E6AC1998F83}.Release|x86.ActiveCfg = Release|Any CPU
		{C9D9F173-285C-47F7-B12A-6E6AC1998F83}.Release|x86.Build.0 = Release|Any CPU
		{E94FFA13-4EB7-41E8-B472-1972460DB519}.Debug|Any CPU.ActiveCfg = Debug|Any CPU
		{E94FFA13-4EB7-41E8-B472-1972460DB519}.Debug|Any CPU.Build.0 = Debug|Any CPU
		{E94FFA13-4EB7-41E8-B472-1972460DB519}.Debug|x64.ActiveCfg = Debug|Any CPU
		{E94FFA13-4EB7-41E8-B472-1972460DB519}.Debug|x64.Build.0 = Debug|Any CPU
		{E94FFA13-4EB7-41E8-B472-1972460DB519}.Debug|x86.ActiveCfg = Debug|Any CPU
		{E94FFA13-4EB7-41E8-B472-1972460DB519}.Debug|x86.Build.0 = Debug|Any CPU
		{E94FFA13-4EB7-41E8-B472-1972460DB519}.Release|Any CPU.ActiveCfg = Release|Any CPU
		{E94FFA13-4EB7-41E8-B472-1972460DB519}.Release|Any CPU.Build.0 = Release|Any CPU
		{E94FFA13-4EB7-41E8-B472-1972460DB519}.Release|x64.ActiveCfg = Release|Any CPU
		{E94FFA13-4EB7-41E8-B472-1972460DB519}.Release|x64.Build.0 = Release|Any CPU
		{E94FFA13-4EB7-41E8-B472-1972460DB519}.Release|x86.ActiveCfg = Release|Any CPU
		{E94FFA13-4EB7-41E8-B472-1972460DB519}.Release|x86.Build.0 = Release|Any CPU
	EndGlobalSection
EndGlobal
