
Microsoft Visual Studio Solution File, Format Version 12.00
# Visual Studio 15
VisualStudioVersion = 15.0.26124.0
MinimumVisualStudioVersion = 15.0.26124.0
Project("{FAE04EC0-301F-11D3-BF4B-00C04F79EFBC}") = "Ej.api", "Ej.api\Ej.api.csproj", "{A9A7B8BC-8133-4490-AFBB-A64BE2271256}"
EndProject
Project("{FAE04EC0-301F-11D3-BF4B-00C04F79EFBC}") = "Ej.BL", "Ej.BL\Ej.BL.csproj", "{33C6C38C-F145-40BC-AB72-9087AC508C71}"
EndProject
Project("{FAE04EC0-301F-11D3-BF4B-00C04F79EFBC}") = "Ej.BL.Interface", "Ej.BL.Interface\Ej.BL.Interface.csproj", "{2CF636DE-36CB-428E-BFA5-AAD2F569E3A8}"
EndProject
Project("{FAE04EC0-301F-11D3-BF4B-00C04F79EFBC}") = "Ej.DA", "Ej.DA\Ej.DA.csproj", "{174B8649-B205-4508-A9FA-F0238A9AA3C8}"
EndProject
Project("{FAE04EC0-301F-11D3-BF4B-00C04F79EFBC}") = "Ej.DA.Interface", "Ej.DA.Interface\Ej.DA.Interface.csproj", "{AD91246F-0A04-4347-9A55-50033ACE6A0D}"
EndProject
Project("{FAE04EC0-301F-11D3-BF4B-00C04F79EFBC}") = "Ej.Domain", "Ej.Domain\Ej.Domain.csproj", "{55B5C585-DBCC-4A69-BF41-1240F9FA1852}"
EndProject
Project("{FAE04EC0-301F-11D3-BF4B-00C04F79EFBC}") = "Ej.api.Test", "Ej.api.Test\Ej.api.Test.csproj", "{52E25546-E3C3-4D60-BE59-F32B0AA895EA}"
EndProject
Project("{FAE04EC0-301F-11D3-BF4B-00C04F79EFBC}") = "Ej.BL.Test", "Ej.bl.test\Ej.BL.Test.csproj", "{277DA76C-0E1B-40E9-9532-13D0DD313918}"
EndProject
Project("{FAE04EC0-301F-11D3-BF4B-00C04F79EFBC}") = "Ej.DA.Test", "ej.da.test\Ej.DA.Test.csproj", "{BAED4863-D7B1-4972-BF19-3029E214A308}"
EndProject
Global
	GlobalSection(SolutionConfigurationPlatforms) = preSolution
		Debug|Any CPU = Debug|Any CPU
		Debug|x64 = Debug|x64
		Debug|x86 = Debug|x86
		Release|Any CPU = Release|Any CPU
		Release|x64 = Release|x64
		Release|x86 = Release|x86
	EndGlobalSection
	GlobalSection(SolutionProperties) = preSolution
		HideSolutionNode = FALSE
	EndGlobalSection
	GlobalSection(ProjectConfigurationPlatforms) = postSolution
		{A9A7B8BC-8133-4490-AFBB-A64BE2271256}.Debug|Any CPU.ActiveCfg = Debug|Any CPU
		{A9A7B8BC-8133-4490-AFBB-A64BE2271256}.Debug|Any CPU.Build.0 = Debug|Any CPU
		{A9A7B8BC-8133-4490-AFBB-A64BE2271256}.Debug|x64.ActiveCfg = Debug|Any CPU
		{A9A7B8BC-8133-4490-AFBB-A64BE2271256}.Debug|x64.Build.0 = Debug|Any CPU
		{A9A7B8BC-8133-4490-AFBB-A64BE2271256}.Debug|x86.ActiveCfg = Debug|Any CPU
		{A9A7B8BC-8133-4490-AFBB-A64BE2271256}.Debug|x86.Build.0 = Debug|Any CPU
		{A9A7B8BC-8133-4490-AFBB-A64BE2271256}.Release|Any CPU.ActiveCfg = Release|Any CPU
		{A9A7B8BC-8133-4490-AFBB-A64BE2271256}.Release|Any CPU.Build.0 = Release|Any CPU
		{A9A7B8BC-8133-4490-AFBB-A64BE2271256}.Release|x64.ActiveCfg = Release|Any CPU
		{A9A7B8BC-8133-4490-AFBB-A64BE2271256}.Release|x64.Build.0 = Release|Any CPU
		{A9A7B8BC-8133-4490-AFBB-A64BE2271256}.Release|x86.ActiveCfg = Release|Any CPU
		{A9A7B8BC-8133-4490-AFBB-A64BE2271256}.Release|x86.Build.0 = Release|Any CPU
		{33C6C38C-F145-40BC-AB72-9087AC508C71}.Debug|Any CPU.ActiveCfg = Debug|Any CPU
		{33C6C38C-F145-40BC-AB72-9087AC508C71}.Debug|Any CPU.Build.0 = Debug|Any CPU
		{33C6C38C-F145-40BC-AB72-9087AC508C71}.Debug|x64.ActiveCfg = Debug|Any CPU
		{33C6C38C-F145-40BC-AB72-9087AC508C71}.Debug|x64.Build.0 = Debug|Any CPU
		{33C6C38C-F145-40BC-AB72-9087AC508C71}.Debug|x86.ActiveCfg = Debug|Any CPU
		{33C6C38C-F145-40BC-AB72-9087AC508C71}.Debug|x86.Build.0 = Debug|Any CPU
		{33C6C38C-F145-40BC-AB72-9087AC508C71}.Release|Any CPU.ActiveCfg = Release|Any CPU
		{33C6C38C-F145-40BC-AB72-9087AC508C71}.Release|Any CPU.Build.0 = Release|Any CPU
		{33C6C38C-F145-40BC-AB72-9087AC508C71}.Release|x64.ActiveCfg = Release|Any CPU
		{33C6C38C-F145-40BC-AB72-9087AC508C71}.Release|x64.Build.0 = Release|Any CPU
		{33C6C38C-F145-40BC-AB72-9087AC508C71}.Release|x86.ActiveCfg = Release|Any CPU
		{33C6C38C-F145-40BC-AB72-9087AC508C71}.Release|x86.Build.0 = Release|Any CPU
		{2CF636DE-36CB-428E-BFA5-AAD2F569E3A8}.Debug|Any CPU.ActiveCfg = Debug|Any CPU
		{2CF636DE-36CB-428E-BFA5-AAD2F569E3A8}.Debug|Any CPU.Build.0 = Debug|Any CPU
		{2CF636DE-36CB-428E-BFA5-AAD2F569E3A8}.Debug|x64.ActiveCfg = Debug|Any CPU
		{2CF636DE-36CB-428E-BFA5-AAD2F569E3A8}.Debug|x64.Build.0 = Debug|Any CPU
		{2CF636DE-36CB-428E-BFA5-AAD2F569E3A8}.Debug|x86.ActiveCfg = Debug|Any CPU
		{2CF636DE-36CB-428E-BFA5-AAD2F569E3A8}.Debug|x86.Build.0 = Debug|Any CPU
		{2CF636DE-36CB-428E-BFA5-AAD2F569E3A8}.Release|Any CPU.ActiveCfg = Release|Any CPU
		{2CF636DE-36CB-428E-BFA5-AAD2F569E3A8}.Release|Any CPU.Build.0 = Release|Any CPU
		{2CF636DE-36CB-428E-BFA5-AAD2F569E3A8}.Release|x64.ActiveCfg = Release|Any CPU
		{2CF636DE-36CB-428E-BFA5-AAD2F569E3A8}.Release|x64.Build.0 = Release|Any CPU
		{2CF636DE-36CB-428E-BFA5-AAD2F569E3A8}.Release|x86.ActiveCfg = Release|Any CPU
		{2CF636DE-36CB-428E-BFA5-AAD2F569E3A8}.Release|x86.Build.0 = Release|Any CPU
		{174B8649-B205-4508-A9FA-F0238A9AA3C8}.Debug|Any CPU.ActiveCfg = Debug|Any CPU
		{174B8649-B205-4508-A9FA-F0238A9AA3C8}.Debug|Any CPU.Build.0 = Debug|Any CPU
		{174B8649-B205-4508-A9FA-F0238A9AA3C8}.Debug|x64.ActiveCfg = Debug|Any CPU
		{174B8649-B205-4508-A9FA-F0238A9AA3C8}.Debug|x64.Build.0 = Debug|Any CPU
		{174B8649-B205-4508-A9FA-F0238A9AA3C8}.Debug|x86.ActiveCfg = Debug|Any CPU
		{174B8649-B205-4508-A9FA-F0238A9AA3C8}.Debug|x86.Build.0 = Debug|Any CPU
		{174B8649-B205-4508-A9FA-F0238A9AA3C8}.Release|Any CPU.ActiveCfg = Release|Any CPU
		{174B8649-B205-4508-A9FA-F0238A9AA3C8}.Release|Any CPU.Build.0 = Release|Any CPU
		{174B8649-B205-4508-A9FA-F0238A9AA3C8}.Release|x64.ActiveCfg = Release|Any CPU
		{174B8649-B205-4508-A9FA-F0238A9AA3C8}.Release|x64.Build.0 = Release|Any CPU
		{174B8649-B205-4508-A9FA-F0238A9AA3C8}.Release|x86.ActiveCfg = Release|Any CPU
		{174B8649-B205-4508-A9FA-F0238A9AA3C8}.Release|x86.Build.0 = Release|Any CPU
		{AD91246F-0A04-4347-9A55-50033ACE6A0D}.Debug|Any CPU.ActiveCfg = Debug|Any CPU
		{AD91246F-0A04-4347-9A55-50033ACE6A0D}.Debug|Any CPU.Build.0 = Debug|Any CPU
		{AD91246F-0A04-4347-9A55-50033ACE6A0D}.Debug|x64.ActiveCfg = Debug|Any CPU
		{AD91246F-0A04-4347-9A55-50033ACE6A0D}.Debug|x64.Build.0 = Debug|Any CPU
		{AD91246F-0A04-4347-9A55-50033ACE6A0D}.Debug|x86.ActiveCfg = Debug|Any CPU
		{AD91246F-0A04-4347-9A55-50033ACE6A0D}.Debug|x86.Build.0 = Debug|Any CPU
		{AD91246F-0A04-4347-9A55-50033ACE6A0D}.Release|Any CPU.ActiveCfg = Release|Any CPU
		{AD91246F-0A04-4347-9A55-50033ACE6A0D}.Release|Any CPU.Build.0 = Release|Any CPU
		{AD91246F-0A04-4347-9A55-50033ACE6A0D}.Release|x64.ActiveCfg = Release|Any CPU
		{AD91246F-0A04-4347-9A55-50033ACE6A0D}.Release|x64.Build.0 = Release|Any CPU
		{AD91246F-0A04-4347-9A55-50033ACE6A0D}.Release|x86.ActiveCfg = Release|Any CPU
		{AD91246F-0A04-4347-9A55-50033ACE6A0D}.Release|x86.Build.0 = Release|Any CPU
		{55B5C585-DBCC-4A69-BF41-1240F9FA1852}.Debug|Any CPU.ActiveCfg = Debug|Any CPU
		{55B5C585-DBCC-4A69-BF41-1240F9FA1852}.Debug|Any CPU.Build.0 = Debug|Any CPU
		{55B5C585-DBCC-4A69-BF41-1240F9FA1852}.Debug|x64.ActiveCfg = Debug|Any CPU
		{55B5C585-DBCC-4A69-BF41-1240F9FA1852}.Debug|x64.Build.0 = Debug|Any CPU
		{55B5C585-DBCC-4A69-BF41-1240F9FA1852}.Debug|x86.ActiveCfg = Debug|Any CPU
		{55B5C585-DBCC-4A69-BF41-1240F9FA1852}.Debug|x86.Build.0 = Debug|Any CPU
		{55B5C585-DBCC-4A69-BF41-1240F9FA1852}.Release|Any CPU.ActiveCfg = Release|Any CPU
		{55B5C585-DBCC-4A69-BF41-1240F9FA1852}.Release|Any CPU.Build.0 = Release|Any CPU
		{55B5C585-DBCC-4A69-BF41-1240F9FA1852}.Release|x64.ActiveCfg = Release|Any CPU
		{55B5C585-DBCC-4A69-BF41-1240F9FA1852}.Release|x64.Build.0 = Release|Any CPU
		{55B5C585-DBCC-4A69-BF41-1240F9FA1852}.Release|x86.ActiveCfg = Release|Any CPU
		{55B5C585-DBCC-4A69-BF41-1240F9FA1852}.Release|x86.Build.0 = Release|Any CPU
		{52E25546-E3C3-4D60-BE59-F32B0AA895EA}.Debug|Any CPU.ActiveCfg = Debug|Any CPU
		{52E25546-E3C3-4D60-BE59-F32B0AA895EA}.Debug|Any CPU.Build.0 = Debug|Any CPU
		{52E25546-E3C3-4D60-BE59-F32B0AA895EA}.Debug|x64.ActiveCfg = Debug|Any CPU
		{52E25546-E3C3-4D60-BE59-F32B0AA895EA}.Debug|x64.Build.0 = Debug|Any CPU
		{52E25546-E3C3-4D60-BE59-F32B0AA895EA}.Debug|x86.ActiveCfg = Debug|Any CPU
		{52E25546-E3C3-4D60-BE59-F32B0AA895EA}.Debug|x86.Build.0 = Debug|Any CPU
		{52E25546-E3C3-4D60-BE59-F32B0AA895EA}.Release|Any CPU.ActiveCfg = Release|Any CPU
		{52E25546-E3C3-4D60-BE59-F32B0AA895EA}.Release|Any CPU.Build.0 = Release|Any CPU
		{52E25546-E3C3-4D60-BE59-F32B0AA895EA}.Release|x64.ActiveCfg = Release|Any CPU
		{52E25546-E3C3-4D60-BE59-F32B0AA895EA}.Release|x64.Build.0 = Release|Any CPU
		{52E25546-E3C3-4D60-BE59-F32B0AA895EA}.Release|x86.ActiveCfg = Release|Any CPU
		{52E25546-E3C3-4D60-BE59-F32B0AA895EA}.Release|x86.Build.0 = Release|Any CPU
		{277DA76C-0E1B-40E9-9532-13D0DD313918}.Debug|Any CPU.ActiveCfg = Debug|Any CPU
		{277DA76C-0E1B-40E9-9532-13D0DD313918}.Debug|Any CPU.Build.0 = Debug|Any CPU
		{277DA76C-0E1B-40E9-9532-13D0DD313918}.Debug|x64.ActiveCfg = Debug|Any CPU
		{277DA76C-0E1B-40E9-9532-13D0DD313918}.Debug|x64.Build.0 = Debug|Any CPU
		{277DA76C-0E1B-40E9-9532-13D0DD313918}.Debug|x86.ActiveCfg = Debug|Any CPU
		{277DA76C-0E1B-40E9-9532-13D0DD313918}.Debug|x86.Build.0 = Debug|Any CPU
		{277DA76C-0E1B-40E9-9532-13D0DD313918}.Release|Any CPU.ActiveCfg = Release|Any CPU
		{277DA76C-0E1B-40E9-9532-13D0DD313918}.Release|Any CPU.Build.0 = Release|Any CPU
		{277DA76C-0E1B-40E9-9532-13D0DD313918}.Release|x64.ActiveCfg = Release|Any CPU
		{277DA76C-0E1B-40E9-9532-13D0DD313918}.Release|x64.Build.0 = Release|Any CPU
		{277DA76C-0E1B-40E9-9532-13D0DD313918}.Release|x86.ActiveCfg = Release|Any CPU
		{277DA76C-0E1B-40E9-9532-13D0DD313918}.Release|x86.Build.0 = Release|Any CPU
		{BAED4863-D7B1-4972-BF19-3029E214A308}.Debug|Any CPU.ActiveCfg = Debug|Any CPU
		{BAED4863-D7B1-4972-BF19-3029E214A308}.Debug|Any CPU.Build.0 = Debug|Any CPU
		{BAED4863-D7B1-4972-BF19-3029E214A308}.Debug|x64.ActiveCfg = Debug|Any CPU
		{BAED4863-D7B1-4972-BF19-3029E214A308}.Debug|x64.Build.0 = Debug|Any CPU
		{BAED4863-D7B1-4972-BF19-3029E214A308}.Debug|x86.ActiveCfg = Debug|Any CPU
		{BAED4863-D7B1-4972-BF19-3029E214A308}.Debug|x86.Build.0 = Debug|Any CPU
		{BAED4863-D7B1-4972-BF19-3029E214A308}.Release|Any CPU.ActiveCfg = Release|Any CPU
		{BAED4863-D7B1-4972-BF19-3029E214A308}.Release|Any CPU.Build.0 = Release|Any CPU
		{BAED4863-D7B1-4972-BF19-3029E214A308}.Release|x64.ActiveCfg = Release|Any CPU
		{BAED4863-D7B1-4972-BF19-3029E214A308}.Release|x64.Build.0 = Release|Any CPU
		{BAED4863-D7B1-4972-BF19-3029E214A308}.Release|x86.ActiveCfg = Release|Any CPU
		{BAED4863-D7B1-4972-BF19-3029E214A308}.Release|x86.Build.0 = Release|Any CPU
	EndGlobalSection
EndGlobal
